
Microsoft Visual Studio Solution File, Format Version 12.00
# Visual Studio Version 18
VisualStudioVersion = 18.1.11304.174 d18.0
MinimumVisualStudioVersion = 10.0.40219.1
Project("{FAE04EC0-301F-11D3-BF4B-00C04F79EFBC}") = "GitHub Practice", "ConsoleAppEmpty\GitHub Practice.csproj", "{91C92712-4E26-4866-BD66-22AE3E0D9E53}"
EndProject
Global
	GlobalSection(SolutionConfigurationPlatforms) = preSolution
		Debug|Any CPU = Debug|Any CPU
		Release|Any CPU = Release|Any CPU
	EndGlobalSection
	GlobalSection(ProjectConfigurationPlatforms) = postSolution
		{91C92712-4E26-4866-BD66-22AE3E0D9E53}.Debug|Any CPU.ActiveCfg = Debug|Any CPU
		{91C92712-4E26-4866-BD66-22AE3E0D9E53}.Debug|Any CPU.Build.0 = Debug|Any CPU
		{91C92712-4E26-4866-BD66-22AE3E0D9E53}.Release|Any CPU.ActiveCfg = Release|Any CPU
		{91C92712-4E26-4866-BD66-22AE3E0D9E53}.Release|Any CPU.Build.0 = Release|Any CPU
	EndGlobalSection
	GlobalSection(SolutionProperties) = preSolution
		HideSolutionNode = FALSE
	EndGlobalSection
	GlobalSection(ExtensibilityGlobals) = postSolution
		SolutionGuid = {B899F090-BB74-402C-8B66-D3945AD3BF2C}
	EndGlobalSection
EndGlobal
